{
  "requires": true,
  "lockfileVersion": 1,
  "dependencies": {
    "mobx": {
      "version": "5.13.0",
      "resolved": "https://registry.npmjs.org/mobx/-/mobx-5.13.0.tgz",
      "integrity": "sha512-eSAntMSMNj0PFL705rgv+aB/z1RjNqDnFEpBe18yQVreXTWiVgIrmBUXzjnJfuba+eo4eAk6zi+/gXQkSUea8A=="
    }
  }
}
